
Microsoft Visual Studio Solution File, Format Version 12.00
# Visual Studio Version 17
VisualStudioVersion = 17.14.36915.13
MinimumVisualStudioVersion = 10.0.40219.1
Project("{FAE04EC0-301F-11D3-BF4B-00C04F79EFBC}") = "Lesson1_Lesson2", "Lesson1_Lesson2\Lesson1_Lesson2.csproj", "{D042EF4A-5BCE-40FA-8269-7EE94F3590CD}"
EndProject
Project("{FAE04EC0-301F-11D3-BF4B-00C04F79EFBC}") = "Lesson3_Lesson4", "Lesson3_Lesson4\Lesson3_Lesson4.csproj", "{75CEDEA8-FB32-1E4B-AC43-117B8DA21FD4}"
EndProject
Project("{FAE04EC0-301F-11D3-BF4B-00C04F79EFBC}") = "Lesson5_Lesson6", "Lesson5_Lesson6\Lesson5_Lesson6.csproj", "{9FB2834A-DEDA-47C6-88DF-F64D8B7264BF}"
EndProject
Project("{FAE04EC0-301F-11D3-BF4B-00C04F79EFBC}") = "Lesson5-6_extra", "Lesson5-6_extra\Lesson5-6_extra.csproj", "{BAF8271E-B4A1-42CB-B6A7-C9CBDB415ECD}"
EndProject
Project("{FAE04EC0-301F-11D3-BF4B-00C04F79EFBC}") = "Lesson7-8", "Lesson7-8\Lesson7-8.csproj", "{521635AA-D6D4-4353-A7AD-43FE784F1A11}"
EndProject
Global
	GlobalSection(SolutionConfigurationPlatforms) = preSolution
		Debug|Any CPU = Debug|Any CPU
		Release|Any CPU = Release|Any CPU
	EndGlobalSection
	GlobalSection(ProjectConfigurationPlatforms) = postSolution
		{D042EF4A-5BCE-40FA-8269-7EE94F3590CD}.Debug|Any CPU.ActiveCfg = Debug|Any CPU
		{D042EF4A-5BCE-40FA-8269-7EE94F3590CD}.Debug|Any CPU.Build.0 = Debug|Any CPU
		{D042EF4A-5BCE-40FA-8269-7EE94F3590CD}.Release|Any CPU.ActiveCfg = Release|Any CPU
		{D042EF4A-5BCE-40FA-8269-7EE94F3590CD}.Release|Any CPU.Build.0 = Release|Any CPU
		{75CEDEA8-FB32-1E4B-AC43-117B8DA21FD4}.Debug|Any CPU.ActiveCfg = Debug|Any CPU
		{75CEDEA8-FB32-1E4B-AC43-117B8DA21FD4}.Debug|Any CPU.Build.0 = Debug|Any CPU
		{75CEDEA8-FB32-1E4B-AC43-117B8DA21FD4}.Release|Any CPU.ActiveCfg = Release|Any CPU
		{75CEDEA8-FB32-1E4B-AC43-117B8DA21FD4}.Release|Any CPU.Build.0 = Release|Any CPU
		{9FB2834A-DEDA-47C6-88DF-F64D8B7264BF}.Debug|Any CPU.ActiveCfg = Debug|Any CPU
		{9FB2834A-DEDA-47C6-88DF-F64D8B7264BF}.Debug|Any CPU.Build.0 = Debug|Any CPU
		{9FB2834A-DEDA-47C6-88DF-F64D8B7264BF}.Release|Any CPU.ActiveCfg = Release|Any CPU
		{9FB2834A-DEDA-47C6-88DF-F64D8B7264BF}.Release|Any CPU.Build.0 = Release|Any CPU
		{BAF8271E-B4A1-42CB-B6A7-C9CBDB415ECD}.Debug|Any CPU.ActiveCfg = Debug|Any CPU
		{BAF8271E-B4A1-42CB-B6A7-C9CBDB415ECD}.Debug|Any CPU.Build.0 = Debug|Any CPU
		{BAF8271E-B4A1-42CB-B6A7-C9CBDB415ECD}.Release|Any CPU.ActiveCfg = Release|Any CPU
		{BAF8271E-B4A1-42CB-B6A7-C9CBDB415ECD}.Release|Any CPU.Build.0 = Release|Any CPU
		{521635AA-D6D4-4353-A7AD-43FE784F1A11}.Debug|Any CPU.ActiveCfg = Debug|Any CPU
		{521635AA-D6D4-4353-A7AD-43FE784F1A11}.Debug|Any CPU.Build.0 = Debug|Any CPU
		{521635AA-D6D4-4353-A7AD-43FE784F1A11}.Release|Any CPU.ActiveCfg = Release|Any CPU
		{521635AA-D6D4-4353-A7AD-43FE784F1A11}.Release|Any CPU.Build.0 = Release|Any CPU
	EndGlobalSection
	GlobalSection(SolutionProperties) = preSolution
		HideSolutionNode = FALSE
	EndGlobalSection
	GlobalSection(ExtensibilityGlobals) = postSolution
		SolutionGuid = {DFB22010-0FFD-4CD1-A0A8-487EB31D3CED}
	EndGlobalSection
EndGlobal
